
Microsoft Visual Studio Solution File, Format Version 12.00
# Visual Studio 15
VisualStudioVersion = 15.0.27130.2026
MinimumVisualStudioVersion = 10.0.40219.1
Project("{F184B08F-C81C-45F6-A57F-5ABD9991F28F}") = "AcePump.Web", "AcePump.Web\AcePump.Web.vbproj", "{0E3044BA-765F-4203-9F82-10B9AC3E41A0}"
EndProject
Project("{F184B08F-C81C-45F6-A57F-5ABD9991F28F}") = "AcePump.Domain", "AcePump.Domain\AcePump.Domain.vbproj", "{030A998E-A0F1-4C45-BBD7-B944E5FFD7C7}"
EndProject
Project("{F184B08F-C81C-45F6-A57F-5ABD9991F28F}") = "AcePump.Common", "AcePump.Common\AcePump.Common.vbproj", "{80BF899C-F14C-4380-8F95-55290638E5B4}"
EndProject
Project("{F184B08F-C81C-45F6-A57F-5ABD9991F28F}") = "AcePump.SyncForQuickBooks", "AcePump.SyncForQuickBooks\AcePump.SyncForQuickBooks.vbproj", "{CC6B1E1A-3CFF-4FF7-A9AD-411B449743CB}"
EndProject
Project("{F184B08F-C81C-45F6-A57F-5ABD9991F28F}") = "AcePump.QbApi", "AcePump.QbApi\AcePump.QbApi.vbproj", "{62F6C982-56D2-498D-AC67-0D16AB193A6A}"
EndProject
Project("{FAE04EC0-301F-11D3-BF4B-00C04F79EFBC}") = "AcePump.Ui.Web", "AcePump.Ui.Web\AcePump.Ui.Web.csproj", "{00280088-911F-4427-B3F0-C958DEE56BA9}"
EndProject
Project("{FAE04EC0-301F-11D3-BF4B-00C04F79EFBC}") = "AcePump.WebApi", "AcePump.WebApi\AcePump.WebApi.csproj", "{B84C030E-7A1A-472F-810C-87A1E24BE1CE}"
EndProject
Project("{2150E333-8FDC-42A3-9474-1A3956D46DE8}") = "Solution Items", "Solution Items", "{9A21043E-D4B1-456E-A9ED-13CA44A2A7A1}"
	ProjectSection(SolutionItems) = preProject
		Gruntfile.js = Gruntfile.js
		package.json = package.json
	EndProjectSection
EndProject
Project("{2150E333-8FDC-42A3-9474-1A3956D46DE8}") = "build-static", "build-static", "{AF01AE72-928C-4A84-84F1-BB13E566B7D4}"
	ProjectSection(SolutionItems) = preProject
		build-static\build-help.txt = build-static\build-help.txt
	EndProjectSection
EndProject
Project("{2150E333-8FDC-42A3-9474-1A3956D46DE8}") = "node-tools", "node-tools", "{BDBB6B59-DB36-4924-A6FE-325B994E3753}"
	ProjectSection(SolutionItems) = preProject
		build-static\node-tools\AppManager.js = build-static\node-tools\AppManager.js
		build-static\node-tools\BuildPersistedData.js = build-static\node-tools\BuildPersistedData.js
		build-static\node-tools\extend.js = build-static\node-tools\extend.js
		build-static\node-tools\IisExpress.js = build-static\node-tools\IisExpress.js
		build-static\node-tools\JsPackage.js = build-static\node-tools\JsPackage.js
		build-static\node-tools\JsPackageManager.js = build-static\node-tools\JsPackageManager.js
		build-static\node-tools\MsBuild.js = build-static\node-tools\MsBuild.js
		build-static\node-tools\qify.js = build-static\node-tools\qify.js
		build-static\node-tools\runCmd.js = build-static\node-tools\runCmd.js
	EndProjectSection
EndProject
Project("{2150E333-8FDC-42A3-9474-1A3956D46DE8}") = "install", "install", "{38FA7E14-ADBB-4FEC-8D1C-CE6562E81C20}"
	ProjectSection(SolutionItems) = preProject
		build-static\install\iisexpress.config.template = build-static\install\iisexpress.config.template
		build-static\install\install.js = build-static\install\install.js
	EndProjectSection
EndProject
Project("{262852C6-CD72-467D-83FE-5EEB1973A190}") = "AcePump.Ui.Mobile", "AcePump.Ui.Mobile\AcePump.Ui.Mobile.jsproj", "{42DCB6F6-258E-4CEB-9AF9-9093986D9C09}"
EndProject
Project("{2150E333-8FDC-42A3-9474-1A3956D46DE8}") = "Support Files", "Support Files", "{3ABBC5BA-3F4D-4800-A919-0C3F99376304}"
EndProject
Project("{2150E333-8FDC-42A3-9474-1A3956D46DE8}") = "assets", "assets", "{B9DDAE68-51F0-4092-8243-682FC48F165C}"
EndProject
Project("{2150E333-8FDC-42A3-9474-1A3956D46DE8}") = "screenshot-staging", "screenshot-staging", "{96041527-2656-42DE-BD51-F3AC968EAC35}"
	ProjectSection(SolutionItems) = preProject
		Support Files\assets\screenshot-staging\login.html = Support Files\assets\screenshot-staging\login.html
	EndProjectSection
EndProject
Project("{FAE04EC0-301F-11D3-BF4B-00C04F79EFBC}") = "AcePump.Rdlc", "AcePump.Rdlc\AcePump.Rdlc.csproj", "{6907DBA2-E525-4BFB-94E6-D5C5A37B8B6D}"
EndProject
Project("{2150E333-8FDC-42A3-9474-1A3956D46DE8}") = "downloads-static-website", "downloads-static-website", "{3C935BAE-7500-4FB4-8728-580606DC75CC}"
	ProjectSection(SolutionItems) = preProject
		downloads-static-website\index.html = downloads-static-website\index.html
		downloads-static-website\logo.png = downloads-static-website\logo.png
	EndProjectSection
EndProject
Global
	GlobalSection(SolutionConfigurationPlatforms) = preSolution
		Alpha|Android = Alpha|Android
		Alpha|Any CPU = Alpha|Any CPU
		Alpha|iOS = Alpha|iOS
		Alpha|Mixed Platforms = Alpha|Mixed Platforms
		Alpha|Windows-ARM = Alpha|Windows-ARM
		Alpha|Windows-x64 = Alpha|Windows-x64
		Alpha|Windows-x86 = Alpha|Windows-x86
		Alpha|x86 = Alpha|x86
		Beta|Android = Beta|Android
		Beta|Any CPU = Beta|Any CPU
		Beta|iOS = Beta|iOS
		Beta|Mixed Platforms = Beta|Mixed Platforms
		Beta|Windows-ARM = Beta|Windows-ARM
		Beta|Windows-x64 = Beta|Windows-x64
		Beta|Windows-x86 = Beta|Windows-x86
		Beta|x86 = Beta|x86
		Debug|Android = Debug|Android
		Debug|Any CPU = Debug|Any CPU
		Debug|iOS = Debug|iOS
		Debug|Mixed Platforms = Debug|Mixed Platforms
		Debug|Windows-ARM = Debug|Windows-ARM
		Debug|Windows-x64 = Debug|Windows-x64
		Debug|Windows-x86 = Debug|Windows-x86
		Debug|x86 = Debug|x86
		Release|Android = Release|Android
		Release|Any CPU = Release|Any CPU
		Release|iOS = Release|iOS
		Release|Mixed Platforms = Release|Mixed Platforms
		Release|Windows-ARM = Release|Windows-ARM
		Release|Windows-x64 = Release|Windows-x64
		Release|Windows-x86 = Release|Windows-x86
		Release|x86 = Release|x86
	EndGlobalSection
	GlobalSection(ProjectConfigurationPlatforms) = postSolution
		{0E3044BA-765F-4203-9F82-10B9AC3E41A0}.Alpha|Android.ActiveCfg = Alpha|Any CPU
		{0E3044BA-765F-4203-9F82-10B9AC3E41A0}.Alpha|Android.Build.0 = Alpha|Any CPU
		{0E3044BA-765F-4203-9F82-10B9AC3E41A0}.Alpha|Any CPU.ActiveCfg = Alpha|Any CPU
		{0E3044BA-765F-4203-9F82-10B9AC3E41A0}.Alpha|Any CPU.Build.0 = Alpha|Any CPU
		{0E3044BA-765F-4203-9F82-10B9AC3E41A0}.Alpha|iOS.ActiveCfg = Alpha|Any CPU
		{0E3044BA-765F-4203-9F82-10B9AC3E41A0}.Alpha|iOS.Build.0 = Alpha|Any CPU
		{0E3044BA-765F-4203-9F82-10B9AC3E41A0}.Alpha|Mixed Platforms.ActiveCfg = Alpha|Any CPU
		{0E3044BA-765F-4203-9F82-10B9AC3E41A0}.Alpha|Mixed Platforms.Build.0 = Alpha|Any CPU
		{0E3044BA-765F-4203-9F82-10B9AC3E41A0}.Alpha|Windows-ARM.ActiveCfg = Alpha|Any CPU
		{0E3044BA-765F-4203-9F82-10B9AC3E41A0}.Alpha|Windows-ARM.Build.0 = Alpha|Any CPU
		{0E3044BA-765F-4203-9F82-10B9AC3E41A0}.Alpha|Windows-x64.ActiveCfg = Alpha|Any CPU
		{0E3044BA-765F-4203-9F82-10B9AC3E41A0}.Alpha|Windows-x64.Build.0 = Alpha|Any CPU
		{0E3044BA-765F-4203-9F82-10B9AC3E41A0}.Alpha|Windows-x86.ActiveCfg = Alpha|Any CPU
		{0E3044BA-765F-4203-9F82-10B9AC3E41A0}.Alpha|Windows-x86.Build.0 = Alpha|Any CPU
		{0E3044BA-765F-4203-9F82-10B9AC3E41A0}.Alpha|x86.ActiveCfg = Alpha|Any CPU
		{0E3044BA-765F-4203-9F82-10B9AC3E41A0}.Beta|Android.ActiveCfg = Beta|Any CPU
		{0E3044BA-765F-4203-9F82-10B9AC3E41A0}.Beta|Android.Build.0 = Beta|Any CPU
		{0E3044BA-765F-4203-9F82-10B9AC3E41A0}.Beta|Any CPU.ActiveCfg = Beta|Any CPU
		{0E3044BA-765F-4203-9F82-10B9AC3E41A0}.Beta|Any CPU.Build.0 = Beta|Any CPU
		{0E3044BA-765F-4203-9F82-10B9AC3E41A0}.Beta|iOS.ActiveCfg = Beta|Any CPU
		{0E3044BA-765F-4203-9F82-10B9AC3E41A0}.Beta|iOS.Build.0 = Beta|Any CPU
		{0E3044BA-765F-4203-9F82-10B9AC3E41A0}.Beta|Mixed Platforms.ActiveCfg = Beta|Any CPU
		{0E3044BA-765F-4203-9F82-10B9AC3E41A0}.Beta|Mixed Platforms.Build.0 = Beta|Any CPU
		{0E3044BA-765F-4203-9F82-10B9AC3E41A0}.Beta|Windows-ARM.ActiveCfg = Beta|Any CPU
		{0E3044BA-765F-4203-9F82-10B9AC3E41A0}.Beta|Windows-ARM.Build.0 = Beta|Any CPU
		{0E3044BA-765F-4203-9F82-10B9AC3E41A0}.Beta|Windows-x64.ActiveCfg = Beta|Any CPU
		{0E3044BA-765F-4203-9F82-10B9AC3E41A0}.Beta|Windows-x64.Build.0 = Beta|Any CPU
		{0E3044BA-765F-4203-9F82-10B9AC3E41A0}.Beta|Windows-x86.ActiveCfg = Beta|Any CPU
		{0E3044BA-765F-4203-9F82-10B9AC3E41A0}.Beta|Windows-x86.Build.0 = Beta|Any CPU
		{0E3044BA-765F-4203-9F82-10B9AC3E41A0}.Beta|x86.ActiveCfg = Beta|Any CPU
		{0E3044BA-765F-4203-9F82-10B9AC3E41A0}.Debug|Android.ActiveCfg = Debug|Any CPU
		{0E3044BA-765F-4203-9F82-10B9AC3E41A0}.Debug|Android.Build.0 = Debug|Any CPU
		{0E3044BA-765F-4203-9F82-10B9AC3E41A0}.Debug|Any CPU.ActiveCfg = Debug|Any CPU
		{0E3044BA-765F-4203-9F82-10B9AC3E41A0}.Debug|Any CPU.Build.0 = Debug|Any CPU
		{0E3044BA-765F-4203-9F82-10B9AC3E41A0}.Debug|iOS.ActiveCfg = Debug|Any CPU
		{0E3044BA-765F-4203-9F82-10B9AC3E41A0}.Debug|iOS.Build.0 = Debug|Any CPU
		{0E3044BA-765F-4203-9F82-10B9AC3E41A0}.Debug|Mixed Platforms.ActiveCfg = Debug|Any CPU
		{0E3044BA-765F-4203-9F82-10B9AC3E41A0}.Debug|Mixed Platforms.Build.0 = Debug|Any CPU
		{0E3044BA-765F-4203-9F82-10B9AC3E41A0}.Debug|Windows-ARM.ActiveCfg = Debug|Any CPU
		{0E3044BA-765F-4203-9F82-10B9AC3E41A0}.Debug|Windows-ARM.Build.0 = Debug|Any CPU
		{0E3044BA-765F-4203-9F82-10B9AC3E41A0}.Debug|Windows-x64.ActiveCfg = Debug|Any CPU
		{0E3044BA-765F-4203-9F82-10B9AC3E41A0}.Debug|Windows-x64.Build.0 = Debug|Any CPU
		{0E3044BA-765F-4203-9F82-10B9AC3E41A0}.Debug|Windows-x86.ActiveCfg = Debug|Any CPU
		{0E3044BA-765F-4203-9F82-10B9AC3E41A0}.Debug|Windows-x86.Build.0 = Debug|Any CPU
		{0E3044BA-765F-4203-9F82-10B9AC3E41A0}.Debug|x86.ActiveCfg = Debug|Any CPU
		{0E3044BA-765F-4203-9F82-10B9AC3E41A0}.Release|Android.ActiveCfg = Release|Any CPU
		{0E3044BA-765F-4203-9F82-10B9AC3E41A0}.Release|Android.Build.0 = Release|Any CPU
		{0E3044BA-765F-4203-9F82-10B9AC3E41A0}.Release|Any CPU.ActiveCfg = Release|Any CPU
		{0E3044BA-765F-4203-9F82-10B9AC3E41A0}.Release|Any CPU.Build.0 = Release|Any CPU
		{0E3044BA-765F-4203-9F82-10B9AC3E41A0}.Release|iOS.ActiveCfg = Release|Any CPU
		{0E3044BA-765F-4203-9F82-10B9AC3E41A0}.Release|iOS.Build.0 = Release|Any CPU
		{0E3044BA-765F-4203-9F82-10B9AC3E41A0}.Release|Mixed Platforms.ActiveCfg = Release|Any CPU
		{0E3044BA-765F-4203-9F82-10B9AC3E41A0}.Release|Mixed Platforms.Build.0 = Release|Any CPU
		{0E3044BA-765F-4203-9F82-10B9AC3E41A0}.Release|Windows-ARM.ActiveCfg = Release|Any CPU
		{0E3044BA-765F-4203-9F82-10B9AC3E41A0}.Release|Windows-ARM.Build.0 = Release|Any CPU
		{0E3044BA-765F-4203-9F82-10B9AC3E41A0}.Release|Windows-x64.ActiveCfg = Release|Any CPU
		{0E3044BA-765F-4203-9F82-10B9AC3E41A0}.Release|Windows-x64.Build.0 = Release|Any CPU
		{0E3044BA-765F-4203-9F82-10B9AC3E41A0}.Release|Windows-x86.ActiveCfg = Release|Any CPU
		{0E3044BA-765F-4203-9F82-10B9AC3E41A0}.Release|Windows-x86.Build.0 = Release|Any CPU
		{0E3044BA-765F-4203-9F82-10B9AC3E41A0}.Release|x86.ActiveCfg = Release|Any CPU
		{030A998E-A0F1-4C45-BBD7-B944E5FFD7C7}.Alpha|Android.ActiveCfg = Alpha|Any CPU
		{030A998E-A0F1-4C45-BBD7-B944E5FFD7C7}.Alpha|Android.Build.0 = Alpha|Any CPU
		{030A998E-A0F1-4C45-BBD7-B944E5FFD7C7}.Alpha|Any CPU.ActiveCfg = Alpha|Any CPU
		{030A998E-A0F1-4C45-BBD7-B944E5FFD7C7}.Alpha|Any CPU.Build.0 = Alpha|Any CPU
		{030A998E-A0F1-4C45-BBD7-B944E5FFD7C7}.Alpha|iOS.ActiveCfg = Alpha|Any CPU
		{030A998E-A0F1-4C45-BBD7-B944E5FFD7C7}.Alpha|iOS.Build.0 = Alpha|Any CPU
		{030A998E-A0F1-4C45-BBD7-B944E5FFD7C7}.Alpha|Mixed Platforms.ActiveCfg = Alpha|Any CPU
		{030A998E-A0F1-4C45-BBD7-B944E5FFD7C7}.Alpha|Mixed Platforms.Build.0 = Alpha|Any CPU
		{030A998E-A0F1-4C45-BBD7-B944E5FFD7C7}.Alpha|Windows-ARM.ActiveCfg = Alpha|Any CPU
		{030A998E-A0F1-4C45-BBD7-B944E5FFD7C7}.Alpha|Windows-ARM.Build.0 = Alpha|Any CPU
		{030A998E-A0F1-4C45-BBD7-B944E5FFD7C7}.Alpha|Windows-x64.ActiveCfg = Alpha|Any CPU
		{030A998E-A0F1-4C45-BBD7-B944E5FFD7C7}.Alpha|Windows-x64.Build.0 = Alpha|Any CPU
		{030A998E-A0F1-4C45-BBD7-B944E5FFD7C7}.Alpha|Windows-x86.ActiveCfg = Alpha|Any CPU
		{030A998E-A0F1-4C45-BBD7-B944E5FFD7C7}.Alpha|Windows-x86.Build.0 = Alpha|Any CPU
		{030A998E-A0F1-4C45-BBD7-B944E5FFD7C7}.Alpha|x86.ActiveCfg = Alpha|Any CPU
		{030A998E-A0F1-4C45-BBD7-B944E5FFD7C7}.Beta|Android.ActiveCfg = Beta|Any CPU
		{030A998E-A0F1-4C45-BBD7-B944E5FFD7C7}.Beta|Android.Build.0 = Beta|Any CPU
		{030A998E-A0F1-4C45-BBD7-B944E5FFD7C7}.Beta|Any CPU.ActiveCfg = Beta|Any CPU
		{030A998E-A0F1-4C45-BBD7-B944E5FFD7C7}.Beta|Any CPU.Build.0 = Beta|Any CPU
		{030A998E-A0F1-4C45-BBD7-B944E5FFD7C7}.Beta|iOS.ActiveCfg = Beta|Any CPU
		{030A998E-A0F1-4C45-BBD7-B944E5FFD7C7}.Beta|iOS.Build.0 = Beta|Any CPU
		{030A998E-A0F1-4C45-BBD7-B944E5FFD7C7}.Beta|Mixed Platforms.ActiveCfg = Beta|Any CPU
		{030A998E-A0F1-4C45-BBD7-B944E5FFD7C7}.Beta|Mixed Platforms.Build.0 = Beta|Any CPU
		{030A998E-A0F1-4C45-BBD7-B944E5FFD7C7}.Beta|Windows-ARM.ActiveCfg = Beta|Any CPU
		{030A998E-A0F1-4C45-BBD7-B944E5FFD7C7}.Beta|Windows-ARM.Build.0 = Beta|Any CPU
		{030A998E-A0F1-4C45-BBD7-B944E5FFD7C7}.Beta|Windows-x64.ActiveCfg = Beta|Any CPU
		{030A998E-A0F1-4C45-BBD7-B944E5FFD7C7}.Beta|Windows-x64.Build.0 = Beta|Any CPU
		{030A998E-A0F1-4C45-BBD7-B944E5FFD7C7}.Beta|Windows-x86.ActiveCfg = Beta|Any CPU
		{030A998E-A0F1-4C45-BBD7-B944E5FFD7C7}.Beta|Windows-x86.Build.0 = Beta|Any CPU
		{030A998E-A0F1-4C45-BBD7-B944E5FFD7C7}.Beta|x86.ActiveCfg = Beta|Any CPU
		{030A998E-A0F1-4C45-BBD7-B944E5FFD7C7}.Debug|Android.ActiveCfg = Debug|Any CPU
		{030A998E-A0F1-4C45-BBD7-B944E5FFD7C7}.Debug|Android.Build.0 = Debug|Any CPU
		{030A998E-A0F1-4C45-BBD7-B944E5FFD7C7}.Debug|Any CPU.ActiveCfg = Debug|Any CPU
		{030A998E-A0F1-4C45-BBD7-B944E5FFD7C7}.Debug|Any CPU.Build.0 = Debug|Any CPU
		{030A998E-A0F1-4C45-BBD7-B944E5FFD7C7}.Debug|iOS.ActiveCfg = Debug|Any CPU
		{030A998E-A0F1-4C45-BBD7-B944E5FFD7C7}.Debug|iOS.Build.0 = Debug|Any CPU
		{030A998E-A0F1-4C45-BBD7-B944E5FFD7C7}.Debug|Mixed Platforms.ActiveCfg = Debug|Any CPU
		{030A998E-A0F1-4C45-BBD7-B944E5FFD7C7}.Debug|Mixed Platforms.Build.0 = Debug|Any CPU
		{030A998E-A0F1-4C45-BBD7-B944E5FFD7C7}.Debug|Windows-ARM.ActiveCfg = Debug|Any CPU
		{030A998E-A0F1-4C45-BBD7-B944E5FFD7C7}.Debug|Windows-ARM.Build.0 = Debug|Any CPU
		{030A998E-A0F1-4C45-BBD7-B944E5FFD7C7}.Debug|Windows-x64.ActiveCfg = Debug|Any CPU
		{030A998E-A0F1-4C45-BBD7-B944E5FFD7C7}.Debug|Windows-x64.Build.0 = Debug|Any CPU
		{030A998E-A0F1-4C45-BBD7-B944E5FFD7C7}.Debug|Windows-x86.ActiveCfg = Debug|Any CPU
		{030A998E-A0F1-4C45-BBD7-B944E5FFD7C7}.Debug|Windows-x86.Build.0 = Debug|Any CPU
		{030A998E-A0F1-4C45-BBD7-B944E5FFD7C7}.Debug|x86.ActiveCfg = Debug|Any CPU
		{030A998E-A0F1-4C45-BBD7-B944E5FFD7C7}.Release|Android.ActiveCfg = Release|Any CPU
		{030A998E-A0F1-4C45-BBD7-B944E5FFD7C7}.Release|Android.Build.0 = Release|Any CPU
		{030A998E-A0F1-4C45-BBD7-B944E5FFD7C7}.Release|Any CPU.ActiveCfg = Release|Any CPU
		{030A998E-A0F1-4C45-BBD7-B944E5FFD7C7}.Release|Any CPU.Build.0 = Release|Any CPU
		{030A998E-A0F1-4C45-BBD7-B944E5FFD7C7}.Release|iOS.ActiveCfg = Release|Any CPU
		{030A998E-A0F1-4C45-BBD7-B944E5FFD7C7}.Release|iOS.Build.0 = Release|Any CPU
		{030A998E-A0F1-4C45-BBD7-B944E5FFD7C7}.Release|Mixed Platforms.ActiveCfg = Release|Any CPU
		{030A998E-A0F1-4C45-BBD7-B944E5FFD7C7}.Release|Mixed Platforms.Build.0 = Release|Any CPU
		{030A998E-A0F1-4C45-BBD7-B944E5FFD7C7}.Release|Windows-ARM.ActiveCfg = Release|Any CPU
		{030A998E-A0F1-4C45-BBD7-B944E5FFD7C7}.Release|Windows-ARM.Build.0 = Release|Any CPU
		{030A998E-A0F1-4C45-BBD7-B944E5FFD7C7}.Release|Windows-x64.ActiveCfg = Release|Any CPU
		{030A998E-A0F1-4C45-BBD7-B944E5FFD7C7}.Release|Windows-x64.Build.0 = Release|Any CPU
		{030A998E-A0F1-4C45-BBD7-B944E5FFD7C7}.Release|Windows-x86.ActiveCfg = Release|Any CPU
		{030A998E-A0F1-4C45-BBD7-B944E5FFD7C7}.Release|Windows-x86.Build.0 = Release|Any CPU
		{030A998E-A0F1-4C45-BBD7-B944E5FFD7C7}.Release|x86.ActiveCfg = Release|Any CPU
		{80BF899C-F14C-4380-8F95-55290638E5B4}.Alpha|Android.ActiveCfg = Alpha|Any CPU
		{80BF899C-F14C-4380-8F95-55290638E5B4}.Alpha|Android.Build.0 = Alpha|Any CPU
		{80BF899C-F14C-4380-8F95-55290638E5B4}.Alpha|Any CPU.ActiveCfg = Alpha|Any CPU
		{80BF899C-F14C-4380-8F95-55290638E5B4}.Alpha|Any CPU.Build.0 = Alpha|Any CPU
		{80BF899C-F14C-4380-8F95-55290638E5B4}.Alpha|iOS.ActiveCfg = Alpha|Any CPU
		{80BF899C-F14C-4380-8F95-55290638E5B4}.Alpha|iOS.Build.0 = Alpha|Any CPU
		{80BF899C-F14C-4380-8F95-55290638E5B4}.Alpha|Mixed Platforms.ActiveCfg = Alpha|Any CPU
		{80BF899C-F14C-4380-8F95-55290638E5B4}.Alpha|Mixed Platforms.Build.0 = Alpha|Any CPU
		{80BF899C-F14C-4380-8F95-55290638E5B4}.Alpha|Windows-ARM.ActiveCfg = Alpha|Any CPU
		{80BF899C-F14C-4380-8F95-55290638E5B4}.Alpha|Windows-ARM.Build.0 = Alpha|Any CPU
		{80BF899C-F14C-4380-8F95-55290638E5B4}.Alpha|Windows-x64.ActiveCfg = Alpha|Any CPU
		{80BF899C-F14C-4380-8F95-55290638E5B4}.Alpha|Windows-x64.Build.0 = Alpha|Any CPU
		{80BF899C-F14C-4380-8F95-55290638E5B4}.Alpha|Windows-x86.ActiveCfg = Alpha|Any CPU
		{80BF899C-F14C-4380-8F95-55290638E5B4}.Alpha|Windows-x86.Build.0 = Alpha|Any CPU
		{80BF899C-F14C-4380-8F95-55290638E5B4}.Alpha|x86.ActiveCfg = Alpha|x86
		{80BF899C-F14C-4380-8F95-55290638E5B4}.Beta|Android.ActiveCfg = Beta|Any CPU
		{80BF899C-F14C-4380-8F95-55290638E5B4}.Beta|Android.Build.0 = Beta|Any CPU
		{80BF899C-F14C-4380-8F95-55290638E5B4}.Beta|Any CPU.ActiveCfg = Beta|Any CPU
		{80BF899C-F14C-4380-8F95-55290638E5B4}.Beta|Any CPU.Build.0 = Beta|Any CPU
		{80BF899C-F14C-4380-8F95-55290638E5B4}.Beta|iOS.ActiveCfg = Beta|Any CPU
		{80BF899C-F14C-4380-8F95-55290638E5B4}.Beta|iOS.Build.0 = Beta|Any CPU
		{80BF899C-F14C-4380-8F95-55290638E5B4}.Beta|Mixed Platforms.ActiveCfg = Beta|Any CPU
		{80BF899C-F14C-4380-8F95-55290638E5B4}.Beta|Mixed Platforms.Build.0 = Beta|Any CPU
		{80BF899C-F14C-4380-8F95-55290638E5B4}.Beta|Windows-ARM.ActiveCfg = Beta|Any CPU
		{80BF899C-F14C-4380-8F95-55290638E5B4}.Beta|Windows-ARM.Build.0 = Beta|Any CPU
		{80BF899C-F14C-4380-8F95-55290638E5B4}.Beta|Windows-x64.ActiveCfg = Beta|Any CPU
		{80BF899C-F14C-4380-8F95-55290638E5B4}.Beta|Windows-x64.Build.0 = Beta|Any CPU
		{80BF899C-F14C-4380-8F95-55290638E5B4}.Beta|Windows-x86.ActiveCfg = Beta|Any CPU
		{80BF899C-F14C-4380-8F95-55290638E5B4}.Beta|Windows-x86.Build.0 = Beta|Any CPU
		{80BF899C-F14C-4380-8F95-55290638E5B4}.Beta|x86.ActiveCfg = Beta|Any CPU
		{80BF899C-F14C-4380-8F95-55290638E5B4}.Debug|Android.ActiveCfg = Debug|Any CPU
		{80BF899C-F14C-4380-8F95-55290638E5B4}.Debug|Android.Build.0 = Debug|Any CPU
		{80BF899C-F14C-4380-8F95-55290638E5B4}.Debug|Any CPU.ActiveCfg = Debug|Any CPU
		{80BF899C-F14C-4380-8F95-55290638E5B4}.Debug|Any CPU.Build.0 = Debug|Any CPU
		{80BF899C-F14C-4380-8F95-55290638E5B4}.Debug|iOS.ActiveCfg = Debug|Any CPU
		{80BF899C-F14C-4380-8F95-55290638E5B4}.Debug|iOS.Build.0 = Debug|Any CPU
		{80BF899C-F14C-4380-8F95-55290638E5B4}.Debug|Mixed Platforms.ActiveCfg = Debug|Any CPU
		{80BF899C-F14C-4380-8F95-55290638E5B4}.Debug|Mixed Platforms.Build.0 = Debug|Any CPU
		{80BF899C-F14C-4380-8F95-55290638E5B4}.Debug|Windows-ARM.ActiveCfg = Debug|Any CPU
		{80BF899C-F14C-4380-8F95-55290638E5B4}.Debug|Windows-ARM.Build.0 = Debug|Any CPU
		{80BF899C-F14C-4380-8F95-55290638E5B4}.Debug|Windows-x64.ActiveCfg = Debug|Any CPU
		{80BF899C-F14C-4380-8F95-55290638E5B4}.Debug|Windows-x64.Build.0 = Debug|Any CPU
		{80BF899C-F14C-4380-8F95-55290638E5B4}.Debug|Windows-x86.ActiveCfg = Debug|Any CPU
		{80BF899C-F14C-4380-8F95-55290638E5B4}.Debug|Windows-x86.Build.0 = Debug|Any CPU
		{80BF899C-F14C-4380-8F95-55290638E5B4}.Debug|x86.ActiveCfg = Debug|Any CPU
		{80BF899C-F14C-4380-8F95-55290638E5B4}.Release|Android.ActiveCfg = Release|Any CPU
		{80BF899C-F14C-4380-8F95-55290638E5B4}.Release|Android.Build.0 = Release|Any CPU
		{80BF899C-F14C-4380-8F95-55290638E5B4}.Release|Any CPU.ActiveCfg = Release|Any CPU
		{80BF899C-F14C-4380-8F95-55290638E5B4}.Release|Any CPU.Build.0 = Release|Any CPU
		{80BF899C-F14C-4380-8F95-55290638E5B4}.Release|iOS.ActiveCfg = Release|Any CPU
		{80BF899C-F14C-4380-8F95-55290638E5B4}.Release|iOS.Build.0 = Release|Any CPU
		{80BF899C-F14C-4380-8F95-55290638E5B4}.Release|Mixed Platforms.ActiveCfg = Release|Any CPU
		{80BF899C-F14C-4380-8F95-55290638E5B4}.Release|Mixed Platforms.Build.0 = Release|Any CPU
		{80BF899C-F14C-4380-8F95-55290638E5B4}.Release|Windows-ARM.ActiveCfg = Release|Any CPU
		{80BF899C-F14C-4380-8F95-55290638E5B4}.Release|Windows-ARM.Build.0 = Release|Any CPU
		{80BF899C-F14C-4380-8F95-55290638E5B4}.Release|Windows-x64.ActiveCfg = Release|Any CPU
		{80BF899C-F14C-4380-8F95-55290638E5B4}.Release|Windows-x64.Build.0 = Release|Any CPU
		{80BF899C-F14C-4380-8F95-55290638E5B4}.Release|Windows-x86.ActiveCfg = Release|Any CPU
		{80BF899C-F14C-4380-8F95-55290638E5B4}.Release|Windows-x86.Build.0 = Release|Any CPU
		{80BF899C-F14C-4380-8F95-55290638E5B4}.Release|x86.ActiveCfg = Release|x86
		{CC6B1E1A-3CFF-4FF7-A9AD-411B449743CB}.Alpha|Android.ActiveCfg = Alpha|x86
		{CC6B1E1A-3CFF-4FF7-A9AD-411B449743CB}.Alpha|Any CPU.ActiveCfg = Release|x86
		{CC6B1E1A-3CFF-4FF7-A9AD-411B449743CB}.Alpha|iOS.ActiveCfg = Alpha|x86
		{CC6B1E1A-3CFF-4FF7-A9AD-411B449743CB}.Alpha|Mixed Platforms.ActiveCfg = Alpha|x86
		{CC6B1E1A-3CFF-4FF7-A9AD-411B449743CB}.Alpha|Mixed Platforms.Build.0 = Alpha|x86
		{CC6B1E1A-3CFF-4FF7-A9AD-411B449743CB}.Alpha|Windows-ARM.ActiveCfg = Alpha|x86
		{CC6B1E1A-3CFF-4FF7-A9AD-411B449743CB}.Alpha|Windows-x64.ActiveCfg = Alpha|x86
		{CC6B1E1A-3CFF-4FF7-A9AD-411B449743CB}.Alpha|Windows-x86.ActiveCfg = Alpha|x86
		{CC6B1E1A-3CFF-4FF7-A9AD-411B449743CB}.Alpha|x86.ActiveCfg = Alpha|x86
		{CC6B1E1A-3CFF-4FF7-A9AD-411B449743CB}.Alpha|x86.Build.0 = Alpha|x86
		{CC6B1E1A-3CFF-4FF7-A9AD-411B449743CB}.Beta|Android.ActiveCfg = Beta|x86
		{CC6B1E1A-3CFF-4FF7-A9AD-411B449743CB}.Beta|Any CPU.ActiveCfg = Release|x86
		{CC6B1E1A-3CFF-4FF7-A9AD-411B449743CB}.Beta|iOS.ActiveCfg = Beta|x86
		{CC6B1E1A-3CFF-4FF7-A9AD-411B449743CB}.Beta|Mixed Platforms.ActiveCfg = Beta|x86
		{CC6B1E1A-3CFF-4FF7-A9AD-411B449743CB}.Beta|Mixed Platforms.Build.0 = Beta|x86
		{CC6B1E1A-3CFF-4FF7-A9AD-411B449743CB}.Beta|Windows-ARM.ActiveCfg = Beta|x86
		{CC6B1E1A-3CFF-4FF7-A9AD-411B449743CB}.Beta|Windows-x64.ActiveCfg = Beta|x86
		{CC6B1E1A-3CFF-4FF7-A9AD-411B449743CB}.Beta|Windows-x86.ActiveCfg = Beta|x86
		{CC6B1E1A-3CFF-4FF7-A9AD-411B449743CB}.Beta|x86.ActiveCfg = Release|x86
		{CC6B1E1A-3CFF-4FF7-A9AD-411B449743CB}.Beta|x86.Build.0 = Release|x86
		{CC6B1E1A-3CFF-4FF7-A9AD-411B449743CB}.Debug|Android.ActiveCfg = Debug|x86
		{CC6B1E1A-3CFF-4FF7-A9AD-411B449743CB}.Debug|Any CPU.ActiveCfg = Debug|x86
		{CC6B1E1A-3CFF-4FF7-A9AD-411B449743CB}.Debug|iOS.ActiveCfg = Debug|x86
		{CC6B1E1A-3CFF-4FF7-A9AD-411B449743CB}.Debug|Mixed Platforms.ActiveCfg = Debug|x86
		{CC6B1E1A-3CFF-4FF7-A9AD-411B449743CB}.Debug|Mixed Platforms.Build.0 = Debug|x86
		{CC6B1E1A-3CFF-4FF7-A9AD-411B449743CB}.Debug|Windows-ARM.ActiveCfg = Debug|x86
		{CC6B1E1A-3CFF-4FF7-A9AD-411B449743CB}.Debug|Windows-x64.ActiveCfg = Debug|x86
		{CC6B1E1A-3CFF-4FF7-A9AD-411B449743CB}.Debug|Windows-x86.ActiveCfg = Debug|x86
		{CC6B1E1A-3CFF-4FF7-A9AD-411B449743CB}.Debug|x86.ActiveCfg = Debug|x86
		{CC6B1E1A-3CFF-4FF7-A9AD-411B449743CB}.Debug|x86.Build.0 = Debug|x86
		{CC6B1E1A-3CFF-4FF7-A9AD-411B449743CB}.Release|Android.ActiveCfg = Release|x86
		{CC6B1E1A-3CFF-4FF7-A9AD-411B449743CB}.Release|Any CPU.ActiveCfg = Release|x86
		{CC6B1E1A-3CFF-4FF7-A9AD-411B449743CB}.Release|iOS.ActiveCfg = Release|x86
		{CC6B1E1A-3CFF-4FF7-A9AD-411B449743CB}.Release|Mixed Platforms.ActiveCfg = Release|x86
		{CC6B1E1A-3CFF-4FF7-A9AD-411B449743CB}.Release|Mixed Platforms.Build.0 = Release|x86
		{CC6B1E1A-3CFF-4FF7-A9AD-411B449743CB}.Release|Windows-ARM.ActiveCfg = Release|x86
		{CC6B1E1A-3CFF-4FF7-A9AD-411B449743CB}.Release|Windows-x64.ActiveCfg = Release|x86
		{CC6B1E1A-3CFF-4FF7-A9AD-411B449743CB}.Release|Windows-x86.ActiveCfg = Release|x86
		{CC6B1E1A-3CFF-4FF7-A9AD-411B449743CB}.Release|x86.ActiveCfg = Release|x86
		{CC6B1E1A-3CFF-4FF7-A9AD-411B449743CB}.Release|x86.Build.0 = Release|x86
		{62F6C982-56D2-498D-AC67-0D16AB193A6A}.Alpha|Android.ActiveCfg = Alpha|Any CPU
		{62F6C982-56D2-498D-AC67-0D16AB193A6A}.Alpha|Android.Build.0 = Alpha|Any CPU
		{62F6C982-56D2-498D-AC67-0D16AB193A6A}.Alpha|Any CPU.ActiveCfg = Release|Any CPU
		{62F6C982-56D2-498D-AC67-0D16AB193A6A}.Alpha|Any CPU.Build.0 = Release|Any CPU
		{62F6C982-56D2-498D-AC67-0D16AB193A6A}.Alpha|iOS.ActiveCfg = Alpha|Any CPU
		{62F6C982-56D2-498D-AC67-0D16AB193A6A}.Alpha|iOS.Build.0 = Alpha|Any CPU
		{62F6C982-56D2-498D-AC67-0D16AB193A6A}.Alpha|Mixed Platforms.ActiveCfg = Alpha|Any CPU
		{62F6C982-56D2-498D-AC67-0D16AB193A6A}.Alpha|Mixed Platforms.Build.0 = Alpha|Any CPU
		{62F6C982-56D2-498D-AC67-0D16AB193A6A}.Alpha|Windows-ARM.ActiveCfg = Alpha|Any CPU
		{62F6C982-56D2-498D-AC67-0D16AB193A6A}.Alpha|Windows-ARM.Build.0 = Alpha|Any CPU
		{62F6C982-56D2-498D-AC67-0D16AB193A6A}.Alpha|Windows-x64.ActiveCfg = Alpha|Any CPU
		{62F6C982-56D2-498D-AC67-0D16AB193A6A}.Alpha|Windows-x64.Build.0 = Alpha|Any CPU
		{62F6C982-56D2-498D-AC67-0D16AB193A6A}.Alpha|Windows-x86.ActiveCfg = Alpha|Any CPU
		{62F6C982-56D2-498D-AC67-0D16AB193A6A}.Alpha|Windows-x86.Build.0 = Alpha|Any CPU
		{62F6C982-56D2-498D-AC67-0D16AB193A6A}.Alpha|x86.ActiveCfg = Release|x86
		{62F6C982-56D2-498D-AC67-0D16AB193A6A}.Beta|Android.ActiveCfg = Beta|Any CPU
		{62F6C982-56D2-498D-AC67-0D16AB193A6A}.Beta|Android.Build.0 = Beta|Any CPU
		{62F6C982-56D2-498D-AC67-0D16AB193A6A}.Beta|Any CPU.ActiveCfg = Release|Any CPU
		{62F6C982-56D2-498D-AC67-0D16AB193A6A}.Beta|Any CPU.Build.0 = Release|Any CPU
		{62F6C982-56D2-498D-AC67-0D16AB193A6A}.Beta|iOS.ActiveCfg = Beta|Any CPU
		{62F6C982-56D2-498D-AC67-0D16AB193A6A}.Beta|iOS.Build.0 = Beta|Any CPU
		{62F6C982-56D2-498D-AC67-0D16AB193A6A}.Beta|Mixed Platforms.ActiveCfg = Beta|Any CPU
		{62F6C982-56D2-498D-AC67-0D16AB193A6A}.Beta|Mixed Platforms.Build.0 = Beta|Any CPU
		{62F6C982-56D2-498D-AC67-0D16AB193A6A}.Beta|Windows-ARM.ActiveCfg = Beta|Any CPU
		{62F6C982-56D2-498D-AC67-0D16AB193A6A}.Beta|Windows-ARM.Build.0 = Beta|Any CPU
		{62F6C982-56D2-498D-AC67-0D16AB193A6A}.Beta|Windows-x64.ActiveCfg = Beta|Any CPU
		{62F6C982-56D2-498D-AC67-0D16AB193A6A}.Beta|Windows-x64.Build.0 = Beta|Any CPU
		{62F6C982-56D2-498D-AC67-0D16AB193A6A}.Beta|Windows-x86.ActiveCfg = Beta|Any CPU
		{62F6C982-56D2-498D-AC67-0D16AB193A6A}.Beta|Windows-x86.Build.0 = Beta|Any CPU
		{62F6C982-56D2-498D-AC67-0D16AB193A6A}.Beta|x86.ActiveCfg = Release|Any CPU
		{62F6C982-56D2-498D-AC67-0D16AB193A6A}.Debug|Android.ActiveCfg = Debug|Any CPU
		{62F6C982-56D2-498D-AC67-0D16AB193A6A}.Debug|Android.Build.0 = Debug|Any CPU
		{62F6C982-56D2-498D-AC67-0D16AB193A6A}.Debug|Any CPU.ActiveCfg = Debug|Any CPU
		{62F6C982-56D2-498D-AC67-0D16AB193A6A}.Debug|Any CPU.Build.0 = Debug|Any CPU
		{62F6C982-56D2-498D-AC67-0D16AB193A6A}.Debug|iOS.ActiveCfg = Debug|Any CPU
		{62F6C982-56D2-498D-AC67-0D16AB193A6A}.Debug|iOS.Build.0 = Debug|Any CPU
		{62F6C982-56D2-498D-AC67-0D16AB193A6A}.Debug|Mixed Platforms.ActiveCfg = Debug|Any CPU
		{62F6C982-56D2-498D-AC67-0D16AB193A6A}.Debug|Mixed Platforms.Build.0 = Debug|Any CPU
		{62F6C982-56D2-498D-AC67-0D16AB193A6A}.Debug|Windows-ARM.ActiveCfg = Debug|Any CPU
		{62F6C982-56D2-498D-AC67-0D16AB193A6A}.Debug|Windows-ARM.Build.0 = Debug|Any CPU
		{62F6C982-56D2-498D-AC67-0D16AB193A6A}.Debug|Windows-x64.ActiveCfg = Debug|Any CPU
		{62F6C982-56D2-498D-AC67-0D16AB193A6A}.Debug|Windows-x64.Build.0 = Debug|Any CPU
		{62F6C982-56D2-498D-AC67-0D16AB193A6A}.Debug|Windows-x86.ActiveCfg = Debug|Any CPU
		{62F6C982-56D2-498D-AC67-0D16AB193A6A}.Debug|Windows-x86.Build.0 = Debug|Any CPU
		{62F6C982-56D2-498D-AC67-0D16AB193A6A}.Debug|x86.ActiveCfg = Debug|Any CPU
		{62F6C982-56D2-498D-AC67-0D16AB193A6A}.Release|Android.ActiveCfg = Release|Any CPU
		{62F6C982-56D2-498D-AC67-0D16AB193A6A}.Release|Android.Build.0 = Release|Any CPU
		{62F6C982-56D2-498D-AC67-0D16AB193A6A}.Release|Any CPU.ActiveCfg = Release|Any CPU
		{62F6C982-56D2-498D-AC67-0D16AB193A6A}.Release|Any CPU.Build.0 = Release|Any CPU
		{62F6C982-56D2-498D-AC67-0D16AB193A6A}.Release|iOS.ActiveCfg = Release|Any CPU
		{62F6C982-56D2-498D-AC67-0D16AB193A6A}.Release|iOS.Build.0 = Release|Any CPU
		{62F6C982-56D2-498D-AC67-0D16AB193A6A}.Release|Mixed Platforms.ActiveCfg = Release|Any CPU
		{62F6C982-56D2-498D-AC67-0D16AB193A6A}.Release|Mixed Platforms.Build.0 = Release|Any CPU
		{62F6C982-56D2-498D-AC67-0D16AB193A6A}.Release|Windows-ARM.ActiveCfg = Release|Any CPU
		{62F6C982-56D2-498D-AC67-0D16AB193A6A}.Release|Windows-ARM.Build.0 = Release|Any CPU
		{62F6C982-56D2-498D-AC67-0D16AB193A6A}.Release|Windows-x64.ActiveCfg = Release|Any CPU
		{62F6C982-56D2-498D-AC67-0D16AB193A6A}.Release|Windows-x64.Build.0 = Release|Any CPU
		{62F6C982-56D2-498D-AC67-0D16AB193A6A}.Release|Windows-x86.ActiveCfg = Release|Any CPU
		{62F6C982-56D2-498D-AC67-0D16AB193A6A}.Release|Windows-x86.Build.0 = Release|Any CPU
		{62F6C982-56D2-498D-AC67-0D16AB193A6A}.Release|x86.ActiveCfg = Release|x86
		{00280088-911F-4427-B3F0-C958DEE56BA9}.Alpha|Android.ActiveCfg = Debug|Any CPU
		{00280088-911F-4427-B3F0-C958DEE56BA9}.Alpha|Android.Build.0 = Debug|Any CPU
		{00280088-911F-4427-B3F0-C958DEE56BA9}.Alpha|Any CPU.ActiveCfg = Release|Any CPU
		{00280088-911F-4427-B3F0-C958DEE56BA9}.Alpha|Any CPU.Build.0 = Release|Any CPU
		{00280088-911F-4427-B3F0-C958DEE56BA9}.Alpha|iOS.ActiveCfg = Debug|Any CPU
		{00280088-911F-4427-B3F0-C958DEE56BA9}.Alpha|iOS.Build.0 = Debug|Any CPU
		{00280088-911F-4427-B3F0-C958DEE56BA9}.Alpha|Mixed Platforms.ActiveCfg = Release|Any CPU
		{00280088-911F-4427-B3F0-C958DEE56BA9}.Alpha|Mixed Platforms.Build.0 = Release|Any CPU
		{00280088-911F-4427-B3F0-C958DEE56BA9}.Alpha|Windows-ARM.ActiveCfg = Debug|Any CPU
		{00280088-911F-4427-B3F0-C958DEE56BA9}.Alpha|Windows-ARM.Build.0 = Debug|Any CPU
		{00280088-911F-4427-B3F0-C958DEE56BA9}.Alpha|Windows-x64.ActiveCfg = Debug|Any CPU
		{00280088-911F-4427-B3F0-C958DEE56BA9}.Alpha|Windows-x64.Build.0 = Debug|Any CPU
		{00280088-911F-4427-B3F0-C958DEE56BA9}.Alpha|Windows-x86.ActiveCfg = Debug|Any CPU
		{00280088-911F-4427-B3F0-C958DEE56BA9}.Alpha|Windows-x86.Build.0 = Debug|Any CPU
		{00280088-911F-4427-B3F0-C958DEE56BA9}.Alpha|x86.ActiveCfg = Release|Any CPU
		{00280088-911F-4427-B3F0-C958DEE56BA9}.Alpha|x86.Build.0 = Release|Any CPU
		{00280088-911F-4427-B3F0-C958DEE56BA9}.Beta|Android.ActiveCfg = Debug|Any CPU
		{00280088-911F-4427-B3F0-C958DEE56BA9}.Beta|Android.Build.0 = Debug|Any CPU
		{00280088-911F-4427-B3F0-C958DEE56BA9}.Beta|Any CPU.ActiveCfg = Release|Any CPU
		{00280088-911F-4427-B3F0-C958DEE56BA9}.Beta|Any CPU.Build.0 = Release|Any CPU
		{00280088-911F-4427-B3F0-C958DEE56BA9}.Beta|iOS.ActiveCfg = Debug|Any CPU
		{00280088-911F-4427-B3F0-C958DEE56BA9}.Beta|iOS.Build.0 = Debug|Any CPU
		{00280088-911F-4427-B3F0-C958DEE56BA9}.Beta|Mixed Platforms.ActiveCfg = Release|Any CPU
		{00280088-911F-4427-B3F0-C958DEE56BA9}.Beta|Mixed Platforms.Build.0 = Release|Any CPU
		{00280088-911F-4427-B3F0-C958DEE56BA9}.Beta|Windows-ARM.ActiveCfg = Debug|Any CPU
		{00280088-911F-4427-B3F0-C958DEE56BA9}.Beta|Windows-ARM.Build.0 = Debug|Any CPU
		{00280088-911F-4427-B3F0-C958DEE56BA9}.Beta|Windows-x64.ActiveCfg = Debug|Any CPU
		{00280088-911F-4427-B3F0-C958DEE56BA9}.Beta|Windows-x64.Build.0 = Debug|Any CPU
		{00280088-911F-4427-B3F0-C958DEE56BA9}.Beta|Windows-x86.ActiveCfg = Debug|Any CPU
		{00280088-911F-4427-B3F0-C958DEE56BA9}.Beta|Windows-x86.Build.0 = Debug|Any CPU
		{00280088-911F-4427-B3F0-C958DEE56BA9}.Beta|x86.ActiveCfg = Release|Any CPU
		{00280088-911F-4427-B3F0-C958DEE56BA9}.Beta|x86.Build.0 = Release|Any CPU
		{00280088-911F-4427-B3F0-C958DEE56BA9}.Debug|Android.ActiveCfg = Debug|Any CPU
		{00280088-911F-4427-B3F0-C958DEE56BA9}.Debug|Android.Build.0 = Debug|Any CPU
		{00280088-911F-4427-B3F0-C958DEE56BA9}.Debug|Any CPU.ActiveCfg = Debug|Any CPU
		{00280088-911F-4427-B3F0-C958DEE56BA9}.Debug|Any CPU.Build.0 = Debug|Any CPU
		{00280088-911F-4427-B3F0-C958DEE56BA9}.Debug|iOS.ActiveCfg = Debug|Any CPU
		{00280088-911F-4427-B3F0-C958DEE56BA9}.Debug|iOS.Build.0 = Debug|Any CPU
		{00280088-911F-4427-B3F0-C958DEE56BA9}.Debug|Mixed Platforms.ActiveCfg = Debug|Any CPU
		{00280088-911F-4427-B3F0-C958DEE56BA9}.Debug|Mixed Platforms.Build.0 = Debug|Any CPU
		{00280088-911F-4427-B3F0-C958DEE56BA9}.Debug|Windows-ARM.ActiveCfg = Debug|Any CPU
		{00280088-911F-4427-B3F0-C958DEE56BA9}.Debug|Windows-ARM.Build.0 = Debug|Any CPU
		{00280088-911F-4427-B3F0-C958DEE56BA9}.Debug|Windows-x64.ActiveCfg = Debug|Any CPU
		{00280088-911F-4427-B3F0-C958DEE56BA9}.Debug|Windows-x64.Build.0 = Debug|Any CPU
		{00280088-911F-4427-B3F0-C958DEE56BA9}.Debug|Windows-x86.ActiveCfg = Debug|Any CPU
		{00280088-911F-4427-B3F0-C958DEE56BA9}.Debug|Windows-x86.Build.0 = Debug|Any CPU
		{00280088-911F-4427-B3F0-C958DEE56BA9}.Debug|x86.ActiveCfg = Debug|Any CPU
		{00280088-911F-4427-B3F0-C958DEE56BA9}.Debug|x86.Build.0 = Debug|Any CPU
		{00280088-911F-4427-B3F0-C958DEE56BA9}.Release|Android.ActiveCfg = Release|Any CPU
		{00280088-911F-4427-B3F0-C958DEE56BA9}.Release|Android.Build.0 = Release|Any CPU
		{00280088-911F-4427-B3F0-C958DEE56BA9}.Release|Any CPU.ActiveCfg = Release|Any CPU
		{00280088-911F-4427-B3F0-C958DEE56BA9}.Release|Any CPU.Build.0 = Release|Any CPU
		{00280088-911F-4427-B3F0-C958DEE56BA9}.Release|iOS.ActiveCfg = Release|Any CPU
		{00280088-911F-4427-B3F0-C958DEE56BA9}.Release|iOS.Build.0 = Release|Any CPU
		{00280088-911F-4427-B3F0-C958DEE56BA9}.Release|Mixed Platforms.ActiveCfg = Release|Any CPU
		{00280088-911F-4427-B3F0-C958DEE56BA9}.Release|Mixed Platforms.Build.0 = Release|Any CPU
		{00280088-911F-4427-B3F0-C958DEE56BA9}.Release|Windows-ARM.ActiveCfg = Release|Any CPU
		{00280088-911F-4427-B3F0-C958DEE56BA9}.Release|Windows-ARM.Build.0 = Release|Any CPU
		{00280088-911F-4427-B3F0-C958DEE56BA9}.Release|Windows-x64.ActiveCfg = Release|Any CPU
		{00280088-911F-4427-B3F0-C958DEE56BA9}.Release|Windows-x64.Build.0 = Release|Any CPU
		{00280088-911F-4427-B3F0-C958DEE56BA9}.Release|Windows-x86.ActiveCfg = Release|Any CPU
		{00280088-911F-4427-B3F0-C958DEE56BA9}.Release|Windows-x86.Build.0 = Release|Any CPU
		{00280088-911F-4427-B3F0-C958DEE56BA9}.Release|x86.ActiveCfg = Release|Any CPU
		{00280088-911F-4427-B3F0-C958DEE56BA9}.Release|x86.Build.0 = Release|Any CPU
		{B84C030E-7A1A-472F-810C-87A1E24BE1CE}.Alpha|Android.ActiveCfg = Debug|Any CPU
		{B84C030E-7A1A-472F-810C-87A1E24BE1CE}.Alpha|Android.Build.0 = Debug|Any CPU
		{B84C030E-7A1A-472F-810C-87A1E24BE1CE}.Alpha|Any CPU.ActiveCfg = Release|Any CPU
		{B84C030E-7A1A-472F-810C-87A1E24BE1CE}.Alpha|Any CPU.Build.0 = Release|Any CPU
		{B84C030E-7A1A-472F-810C-87A1E24BE1CE}.Alpha|iOS.ActiveCfg = Debug|Any CPU
		{B84C030E-7A1A-472F-810C-87A1E24BE1CE}.Alpha|iOS.Build.0 = Debug|Any CPU
		{B84C030E-7A1A-472F-810C-87A1E24BE1CE}.Alpha|Mixed Platforms.ActiveCfg = Release|Any CPU
		{B84C030E-7A1A-472F-810C-87A1E24BE1CE}.Alpha|Mixed Platforms.Build.0 = Release|Any CPU
		{B84C030E-7A1A-472F-810C-87A1E24BE1CE}.Alpha|Windows-ARM.ActiveCfg = Debug|Any CPU
		{B84C030E-7A1A-472F-810C-87A1E24BE1CE}.Alpha|Windows-ARM.Build.0 = Debug|Any CPU
		{B84C030E-7A1A-472F-810C-87A1E24BE1CE}.Alpha|Windows-x64.ActiveCfg = Debug|Any CPU
		{B84C030E-7A1A-472F-810C-87A1E24BE1CE}.Alpha|Windows-x64.Build.0 = Debug|Any CPU
		{B84C030E-7A1A-472F-810C-87A1E24BE1CE}.Alpha|Windows-x86.ActiveCfg = Debug|Any CPU
		{B84C030E-7A1A-472F-810C-87A1E24BE1CE}.Alpha|Windows-x86.Build.0 = Debug|Any CPU
		{B84C030E-7A1A-472F-810C-87A1E24BE1CE}.Alpha|x86.ActiveCfg = Release|Any CPU
		{B84C030E-7A1A-472F-810C-87A1E24BE1CE}.Alpha|x86.Build.0 = Release|Any CPU
		{B84C030E-7A1A-472F-810C-87A1E24BE1CE}.Beta|Android.ActiveCfg = Debug|Any CPU
		{B84C030E-7A1A-472F-810C-87A1E24BE1CE}.Beta|Android.Build.0 = Debug|Any CPU
		{B84C030E-7A1A-472F-810C-87A1E24BE1CE}.Beta|Any CPU.ActiveCfg = Release|Any CPU
		{B84C030E-7A1A-472F-810C-87A1E24BE1CE}.Beta|Any CPU.Build.0 = Release|Any CPU
		{B84C030E-7A1A-472F-810C-87A1E24BE1CE}.Beta|iOS.ActiveCfg = Debug|Any CPU
		{B84C030E-7A1A-472F-810C-87A1E24BE1CE}.Beta|iOS.Build.0 = Debug|Any CPU
		{B84C030E-7A1A-472F-810C-87A1E24BE1CE}.Beta|Mixed Platforms.ActiveCfg = Release|Any CPU
		{B84C030E-7A1A-472F-810C-87A1E24BE1CE}.Beta|Mixed Platforms.Build.0 = Release|Any CPU
		{B84C030E-7A1A-472F-810C-87A1E24BE1CE}.Beta|Windows-ARM.ActiveCfg = Debug|Any CPU
		{B84C030E-7A1A-472F-810C-87A1E24BE1CE}.Beta|Windows-ARM.Build.0 = Debug|Any CPU
		{B84C030E-7A1A-472F-810C-87A1E24BE1CE}.Beta|Windows-x64.ActiveCfg = Debug|Any CPU
		{B84C030E-7A1A-472F-810C-87A1E24BE1CE}.Beta|Windows-x64.Build.0 = Debug|Any CPU
		{B84C030E-7A1A-472F-810C-87A1E24BE1CE}.Beta|Windows-x86.ActiveCfg = Debug|Any CPU
		{B84C030E-7A1A-472F-810C-87A1E24BE1CE}.Beta|Windows-x86.Build.0 = Debug|Any CPU
		{B84C030E-7A1A-472F-810C-87A1E24BE1CE}.Beta|x86.ActiveCfg = Release|Any CPU
		{B84C030E-7A1A-472F-810C-87A1E24BE1CE}.Beta|x86.Build.0 = Release|Any CPU
		{B84C030E-7A1A-472F-810C-87A1E24BE1CE}.Debug|Android.ActiveCfg = Debug|Any CPU
		{B84C030E-7A1A-472F-810C-87A1E24BE1CE}.Debug|Android.Build.0 = Debug|Any CPU
		{B84C030E-7A1A-472F-810C-87A1E24BE1CE}.Debug|Any CPU.ActiveCfg = Debug|Any CPU
		{B84C030E-7A1A-472F-810C-87A1E24BE1CE}.Debug|Any CPU.Build.0 = Debug|Any CPU
		{B84C030E-7A1A-472F-810C-87A1E24BE1CE}.Debug|iOS.ActiveCfg = Debug|Any CPU
		{B84C030E-7A1A-472F-810C-87A1E24BE1CE}.Debug|iOS.Build.0 = Debug|Any CPU
		{B84C030E-7A1A-472F-810C-87A1E24BE1CE}.Debug|Mixed Platforms.ActiveCfg = Debug|Any CPU
		{B84C030E-7A1A-472F-810C-87A1E24BE1CE}.Debug|Mixed Platforms.Build.0 = Debug|Any CPU
		{B84C030E-7A1A-472F-810C-87A1E24BE1CE}.Debug|Windows-ARM.ActiveCfg = Debug|Any CPU
		{B84C030E-7A1A-472F-810C-87A1E24BE1CE}.Debug|Windows-ARM.Build.0 = Debug|Any CPU
		{B84C030E-7A1A-472F-810C-87A1E24BE1CE}.Debug|Windows-x64.ActiveCfg = Debug|Any CPU
		{B84C030E-7A1A-472F-810C-87A1E24BE1CE}.Debug|Windows-x64.Build.0 = Debug|Any CPU
		{B84C030E-7A1A-472F-810C-87A1E24BE1CE}.Debug|Windows-x86.ActiveCfg = Debug|Any CPU
		{B84C030E-7A1A-472F-810C-87A1E24BE1CE}.Debug|Windows-x86.Build.0 = Debug|Any CPU
		{B84C030E-7A1A-472F-810C-87A1E24BE1CE}.Debug|x86.ActiveCfg = Debug|Any CPU
		{B84C030E-7A1A-472F-810C-87A1E24BE1CE}.Debug|x86.Build.0 = Debug|Any CPU
		{B84C030E-7A1A-472F-810C-87A1E24BE1CE}.Release|Android.ActiveCfg = Release|Any CPU
		{B84C030E-7A1A-472F-810C-87A1E24BE1CE}.Release|Android.Build.0 = Release|Any CPU
		{B84C030E-7A1A-472F-810C-87A1E24BE1CE}.Release|Any CPU.ActiveCfg = Release|Any CPU
		{B84C030E-7A1A-472F-810C-87A1E24BE1CE}.Release|Any CPU.Build.0 = Release|Any CPU
		{B84C030E-7A1A-472F-810C-87A1E24BE1CE}.Release|iOS.ActiveCfg = Release|Any CPU
		{B84C030E-7A1A-472F-810C-87A1E24BE1CE}.Release|iOS.Build.0 = Release|Any CPU
		{B84C030E-7A1A-472F-810C-87A1E24BE1CE}.Release|Mixed Platforms.ActiveCfg = Release|Any CPU
		{B84C030E-7A1A-472F-810C-87A1E24BE1CE}.Release|Mixed Platforms.Build.0 = Release|Any CPU
		{B84C030E-7A1A-472F-810C-87A1E24BE1CE}.Release|Windows-ARM.ActiveCfg = Release|Any CPU
		{B84C030E-7A1A-472F-810C-87A1E24BE1CE}.Release|Windows-ARM.Build.0 = Release|Any CPU
		{B84C030E-7A1A-472F-810C-87A1E24BE1CE}.Release|Windows-x64.ActiveCfg = Release|Any CPU
		{B84C030E-7A1A-472F-810C-87A1E24BE1CE}.Release|Windows-x64.Build.0 = Release|Any CPU
		{B84C030E-7A1A-472F-810C-87A1E24BE1CE}.Release|Windows-x86.ActiveCfg = Release|Any CPU
		{B84C030E-7A1A-472F-810C-87A1E24BE1CE}.Release|Windows-x86.Build.0 = Release|Any CPU
		{B84C030E-7A1A-472F-810C-87A1E24BE1CE}.Release|x86.ActiveCfg = Release|Any CPU
		{B84C030E-7A1A-472F-810C-87A1E24BE1CE}.Release|x86.Build.0 = Release|Any CPU
		{42DCB6F6-258E-4CEB-9AF9-9093986D9C09}.Alpha|Android.ActiveCfg = Release|Android
		{42DCB6F6-258E-4CEB-9AF9-9093986D9C09}.Alpha|Android.Build.0 = Release|Android
		{42DCB6F6-258E-4CEB-9AF9-9093986D9C09}.Alpha|Android.Deploy.0 = Release|Android
		{42DCB6F6-258E-4CEB-9AF9-9093986D9C09}.Alpha|Any CPU.ActiveCfg = Release|Android
		{42DCB6F6-258E-4CEB-9AF9-9093986D9C09}.Alpha|Any CPU.Build.0 = Release|Android
		{42DCB6F6-258E-4CEB-9AF9-9093986D9C09}.Alpha|Any CPU.Deploy.0 = Release|Android
		{42DCB6F6-258E-4CEB-9AF9-9093986D9C09}.Alpha|iOS.ActiveCfg = Release|iOS
		{42DCB6F6-258E-4CEB-9AF9-9093986D9C09}.Alpha|iOS.Build.0 = Release|iOS
		{42DCB6F6-258E-4CEB-9AF9-9093986D9C09}.Alpha|iOS.Deploy.0 = Release|iOS
		{42DCB6F6-258E-4CEB-9AF9-9093986D9C09}.Alpha|Mixed Platforms.ActiveCfg = Release|Android
		{42DCB6F6-258E-4CEB-9AF9-9093986D9C09}.Alpha|Mixed Platforms.Build.0 = Release|Android
		{42DCB6F6-258E-4CEB-9AF9-9093986D9C09}.Alpha|Mixed Platforms.Deploy.0 = Release|Android
		{42DCB6F6-258E-4CEB-9AF9-9093986D9C09}.Alpha|Windows-ARM.ActiveCfg = Release|Windows-ARM
		{42DCB6F6-258E-4CEB-9AF9-9093986D9C09}.Alpha|Windows-ARM.Build.0 = Release|Windows-ARM
		{42DCB6F6-258E-4CEB-9AF9-9093986D9C09}.Alpha|Windows-ARM.Deploy.0 = Release|Windows-ARM
		{42DCB6F6-258E-4CEB-9AF9-9093986D9C09}.Alpha|Windows-x64.ActiveCfg = Release|Windows-x64
		{42DCB6F6-258E-4CEB-9AF9-9093986D9C09}.Alpha|Windows-x64.Build.0 = Release|Windows-x64
		{42DCB6F6-258E-4CEB-9AF9-9093986D9C09}.Alpha|Windows-x64.Deploy.0 = Release|Windows-x64
		{42DCB6F6-258E-4CEB-9AF9-9093986D9C09}.Alpha|Windows-x86.ActiveCfg = Release|Windows-x86
		{42DCB6F6-258E-4CEB-9AF9-9093986D9C09}.Alpha|Windows-x86.Build.0 = Release|Windows-x86
		{42DCB6F6-258E-4CEB-9AF9-9093986D9C09}.Alpha|Windows-x86.Deploy.0 = Release|Windows-x86
		{42DCB6F6-258E-4CEB-9AF9-9093986D9C09}.Alpha|x86.ActiveCfg = Release|Android
		{42DCB6F6-258E-4CEB-9AF9-9093986D9C09}.Alpha|x86.Build.0 = Release|Android
		{42DCB6F6-258E-4CEB-9AF9-9093986D9C09}.Alpha|x86.Deploy.0 = Release|Android
		{42DCB6F6-258E-4CEB-9AF9-9093986D9C09}.Beta|Android.ActiveCfg = Release|Android
		{42DCB6F6-258E-4CEB-9AF9-9093986D9C09}.Beta|Android.Build.0 = Release|Android
		{42DCB6F6-258E-4CEB-9AF9-9093986D9C09}.Beta|Android.Deploy.0 = Release|Android
		{42DCB6F6-258E-4CEB-9AF9-9093986D9C09}.Beta|Any CPU.ActiveCfg = Release|Android
		{42DCB6F6-258E-4CEB-9AF9-9093986D9C09}.Beta|Any CPU.Build.0 = Release|Android
		{42DCB6F6-258E-4CEB-9AF9-9093986D9C09}.Beta|Any CPU.Deploy.0 = Release|Android
		{42DCB6F6-258E-4CEB-9AF9-9093986D9C09}.Beta|iOS.ActiveCfg = Release|iOS
		{42DCB6F6-258E-4CEB-9AF9-9093986D9C09}.Beta|iOS.Build.0 = Release|iOS
		{42DCB6F6-258E-4CEB-9AF9-9093986D9C09}.Beta|iOS.Deploy.0 = Release|iOS
		{42DCB6F6-258E-4CEB-9AF9-9093986D9C09}.Beta|Mixed Platforms.ActiveCfg = Release|Android
		{42DCB6F6-258E-4CEB-9AF9-9093986D9C09}.Beta|Mixed Platforms.Build.0 = Release|Android
		{42DCB6F6-258E-4CEB-9AF9-9093986D9C09}.Beta|Mixed Platforms.Deploy.0 = Release|Android
		{42DCB6F6-258E-4CEB-9AF9-9093986D9C09}.Beta|Windows-ARM.ActiveCfg = Release|Windows-ARM
		{42DCB6F6-258E-4CEB-9AF9-9093986D9C09}.Beta|Windows-ARM.Build.0 = Release|Windows-ARM
		{42DCB6F6-258E-4CEB-9AF9-9093986D9C09}.Beta|Windows-ARM.Deploy.0 = Release|Windows-ARM
		{42DCB6F6-258E-4CEB-9AF9-9093986D9C09}.Beta|Windows-x64.ActiveCfg = Release|Windows-x64
		{42DCB6F6-258E-4CEB-9AF9-9093986D9C09}.Beta|Windows-x64.Build.0 = Release|Windows-x64
		{42DCB6F6-258E-4CEB-9AF9-9093986D9C09}.Beta|Windows-x64.Deploy.0 = Release|Windows-x64
		{42DCB6F6-258E-4CEB-9AF9-9093986D9C09}.Beta|Windows-x86.ActiveCfg = Release|Windows-x86
		{42DCB6F6-258E-4CEB-9AF9-9093986D9C09}.Beta|Windows-x86.Build.0 = Release|Windows-x86
		{42DCB6F6-258E-4CEB-9AF9-9093986D9C09}.Beta|Windows-x86.Deploy.0 = Release|Windows-x86
		{42DCB6F6-258E-4CEB-9AF9-9093986D9C09}.Beta|x86.ActiveCfg = Release|Android
		{42DCB6F6-258E-4CEB-9AF9-9093986D9C09}.Beta|x86.Build.0 = Release|Android
		{42DCB6F6-258E-4CEB-9AF9-9093986D9C09}.Beta|x86.Deploy.0 = Release|Android
		{42DCB6F6-258E-4CEB-9AF9-9093986D9C09}.Debug|Android.ActiveCfg = Debug|Android
		{42DCB6F6-258E-4CEB-9AF9-9093986D9C09}.Debug|Android.Build.0 = Debug|Android
		{42DCB6F6-258E-4CEB-9AF9-9093986D9C09}.Debug|Android.Deploy.0 = Debug|Android
		{42DCB6F6-258E-4CEB-9AF9-9093986D9C09}.Debug|Any CPU.ActiveCfg = Debug|Android
		{42DCB6F6-258E-4CEB-9AF9-9093986D9C09}.Debug|iOS.ActiveCfg = Debug|iOS
		{42DCB6F6-258E-4CEB-9AF9-9093986D9C09}.Debug|iOS.Build.0 = Debug|iOS
		{42DCB6F6-258E-4CEB-9AF9-9093986D9C09}.Debug|iOS.Deploy.0 = Debug|iOS
		{42DCB6F6-258E-4CEB-9AF9-9093986D9C09}.Debug|Mixed Platforms.ActiveCfg = Debug|Android
		{42DCB6F6-258E-4CEB-9AF9-9093986D9C09}.Debug|Mixed Platforms.Build.0 = Debug|Android
		{42DCB6F6-258E-4CEB-9AF9-9093986D9C09}.Debug|Mixed Platforms.Deploy.0 = Debug|Android
		{42DCB6F6-258E-4CEB-9AF9-9093986D9C09}.Debug|Windows-ARM.ActiveCfg = Debug|Windows-ARM
		{42DCB6F6-258E-4CEB-9AF9-9093986D9C09}.Debug|Windows-ARM.Build.0 = Debug|Windows-ARM
		{42DCB6F6-258E-4CEB-9AF9-9093986D9C09}.Debug|Windows-ARM.Deploy.0 = Debug|Windows-ARM
		{42DCB6F6-258E-4CEB-9AF9-9093986D9C09}.Debug|Windows-x64.ActiveCfg = Debug|Windows-x64
		{42DCB6F6-258E-4CEB-9AF9-9093986D9C09}.Debug|Windows-x64.Build.0 = Debug|Windows-x64
		{42DCB6F6-258E-4CEB-9AF9-9093986D9C09}.Debug|Windows-x64.Deploy.0 = Debug|Windows-x64
		{42DCB6F6-258E-4CEB-9AF9-9093986D9C09}.Debug|Windows-x86.ActiveCfg = Debug|Windows-x86
		{42DCB6F6-258E-4CEB-9AF9-9093986D9C09}.Debug|Windows-x86.Build.0 = Debug|Windows-x86
		{42DCB6F6-258E-4CEB-9AF9-9093986D9C09}.Debug|Windows-x86.Deploy.0 = Debug|Windows-x86
		{42DCB6F6-258E-4CEB-9AF9-9093986D9C09}.Debug|x86.ActiveCfg = Debug|Windows-x86
		{42DCB6F6-258E-4CEB-9AF9-9093986D9C09}.Release|Android.ActiveCfg = Release|Android
		{42DCB6F6-258E-4CEB-9AF9-9093986D9C09}.Release|Android.Build.0 = Release|Android
		{42DCB6F6-258E-4CEB-9AF9-9093986D9C09}.Release|Android.Deploy.0 = Release|Android
		{42DCB6F6-258E-4CEB-9AF9-9093986D9C09}.Release|Any CPU.ActiveCfg = Release|Android
		{42DCB6F6-258E-4CEB-9AF9-9093986D9C09}.Release|iOS.ActiveCfg = Release|iOS
		{42DCB6F6-258E-4CEB-9AF9-9093986D9C09}.Release|iOS.Build.0 = Release|iOS
		{42DCB6F6-258E-4CEB-9AF9-9093986D9C09}.Release|iOS.Deploy.0 = Release|iOS
		{42DCB6F6-258E-4CEB-9AF9-9093986D9C09}.Release|Mixed Platforms.ActiveCfg = Release|Android
		{42DCB6F6-258E-4CEB-9AF9-9093986D9C09}.Release|Mixed Platforms.Build.0 = Release|Android
		{42DCB6F6-258E-4CEB-9AF9-9093986D9C09}.Release|Mixed Platforms.Deploy.0 = Release|Android
		{42DCB6F6-258E-4CEB-9AF9-9093986D9C09}.Release|Windows-ARM.ActiveCfg = Release|Windows-ARM
		{42DCB6F6-258E-4CEB-9AF9-9093986D9C09}.Release|Windows-ARM.Build.0 = Release|Windows-ARM
		{42DCB6F6-258E-4CEB-9AF9-9093986D9C09}.Release|Windows-ARM.Deploy.0 = Release|Windows-ARM
		{42DCB6F6-258E-4CEB-9AF9-9093986D9C09}.Release|Windows-x64.ActiveCfg = Release|Windows-x64
		{42DCB6F6-258E-4CEB-9AF9-9093986D9C09}.Release|Windows-x64.Build.0 = Release|Windows-x64
		{42DCB6F6-258E-4CEB-9AF9-9093986D9C09}.Release|Windows-x64.Deploy.0 = Release|Windows-x64
		{42DCB6F6-258E-4CEB-9AF9-9093986D9C09}.Release|Windows-x86.ActiveCfg = Release|Windows-x86
		{42DCB6F6-258E-4CEB-9AF9-9093986D9C09}.Release|Windows-x86.Build.0 = Release|Windows-x86
		{42DCB6F6-258E-4CEB-9AF9-9093986D9C09}.Release|Windows-x86.Deploy.0 = Release|Windows-x86
		{42DCB6F6-258E-4CEB-9AF9-9093986D9C09}.Release|x86.ActiveCfg = Release|Windows-x86
		{6907DBA2-E525-4BFB-94E6-D5C5A37B8B6D}.Alpha|Android.ActiveCfg = Release|Any CPU
		{6907DBA2-E525-4BFB-94E6-D5C5A37B8B6D}.Alpha|Android.Build.0 = Release|Any CPU
		{6907DBA2-E525-4BFB-94E6-D5C5A37B8B6D}.Alpha|Any CPU.ActiveCfg = Release|Any CPU
		{6907DBA2-E525-4BFB-94E6-D5C5A37B8B6D}.Alpha|Any CPU.Build.0 = Release|Any CPU
		{6907DBA2-E525-4BFB-94E6-D5C5A37B8B6D}.Alpha|iOS.ActiveCfg = Release|Any CPU
		{6907DBA2-E525-4BFB-94E6-D5C5A37B8B6D}.Alpha|iOS.Build.0 = Release|Any CPU
		{6907DBA2-E525-4BFB-94E6-D5C5A37B8B6D}.Alpha|Mixed Platforms.ActiveCfg = Release|Any CPU
		{6907DBA2-E525-4BFB-94E6-D5C5A37B8B6D}.Alpha|Mixed Platforms.Build.0 = Release|Any CPU
		{6907DBA2-E525-4BFB-94E6-D5C5A37B8B6D}.Alpha|Windows-ARM.ActiveCfg = Release|Any CPU
		{6907DBA2-E525-4BFB-94E6-D5C5A37B8B6D}.Alpha|Windows-ARM.Build.0 = Release|Any CPU
		{6907DBA2-E525-4BFB-94E6-D5C5A37B8B6D}.Alpha|Windows-x64.ActiveCfg = Release|Any CPU
		{6907DBA2-E525-4BFB-94E6-D5C5A37B8B6D}.Alpha|Windows-x64.Build.0 = Release|Any CPU
		{6907DBA2-E525-4BFB-94E6-D5C5A37B8B6D}.Alpha|Windows-x86.ActiveCfg = Release|Any CPU
		{6907DBA2-E525-4BFB-94E6-D5C5A37B8B6D}.Alpha|Windows-x86.Build.0 = Release|Any CPU
		{6907DBA2-E525-4BFB-94E6-D5C5A37B8B6D}.Alpha|x86.ActiveCfg = Release|Any CPU
		{6907DBA2-E525-4BFB-94E6-D5C5A37B8B6D}.Alpha|x86.Build.0 = Release|Any CPU
		{6907DBA2-E525-4BFB-94E6-D5C5A37B8B6D}.Beta|Android.ActiveCfg = Release|Any CPU
		{6907DBA2-E525-4BFB-94E6-D5C5A37B8B6D}.Beta|Android.Build.0 = Release|Any CPU
		{6907DBA2-E525-4BFB-94E6-D5C5A37B8B6D}.Beta|Any CPU.ActiveCfg = Release|Any CPU
		{6907DBA2-E525-4BFB-94E6-D5C5A37B8B6D}.Beta|Any CPU.Build.0 = Release|Any CPU
		{6907DBA2-E525-4BFB-94E6-D5C5A37B8B6D}.Beta|iOS.ActiveCfg = Release|Any CPU
		{6907DBA2-E525-4BFB-94E6-D5C5A37B8B6D}.Beta|iOS.Build.0 = Release|Any CPU
		{6907DBA2-E525-4BFB-94E6-D5C5A37B8B6D}.Beta|Mixed Platforms.ActiveCfg = Release|Any CPU
		{6907DBA2-E525-4BFB-94E6-D5C5A37B8B6D}.Beta|Mixed Platforms.Build.0 = Release|Any CPU
		{6907DBA2-E525-4BFB-94E6-D5C5A37B8B6D}.Beta|Windows-ARM.ActiveCfg = Release|Any CPU
		{6907DBA2-E525-4BFB-94E6-D5C5A37B8B6D}.Beta|Windows-ARM.Build.0 = Release|Any CPU
		{6907DBA2-E525-4BFB-94E6-D5C5A37B8B6D}.Beta|Windows-x64.ActiveCfg = Release|Any CPU
		{6907DBA2-E525-4BFB-94E6-D5C5A37B8B6D}.Beta|Windows-x64.Build.0 = Release|Any CPU
		{6907DBA2-E525-4BFB-94E6-D5C5A37B8B6D}.Beta|Windows-x86.ActiveCfg = Release|Any CPU
		{6907DBA2-E525-4BFB-94E6-D5C5A37B8B6D}.Beta|Windows-x86.Build.0 = Release|Any CPU
		{6907DBA2-E525-4BFB-94E6-D5C5A37B8B6D}.Beta|x86.ActiveCfg = Release|Any CPU
		{6907DBA2-E525-4BFB-94E6-D5C5A37B8B6D}.Beta|x86.Build.0 = Release|Any CPU
		{6907DBA2-E525-4BFB-94E6-D5C5A37B8B6D}.Debug|Android.ActiveCfg = Debug|Any CPU
		{6907DBA2-E525-4BFB-94E6-D5C5A37B8B6D}.Debug|Android.Build.0 = Debug|Any CPU
		{6907DBA2-E525-4BFB-94E6-D5C5A37B8B6D}.Debug|Any CPU.ActiveCfg = Debug|Any CPU
		{6907DBA2-E525-4BFB-94E6-D5C5A37B8B6D}.Debug|Any CPU.Build.0 = Debug|Any CPU
		{6907DBA2-E525-4BFB-94E6-D5C5A37B8B6D}.Debug|iOS.ActiveCfg = Debug|Any CPU
		{6907DBA2-E525-4BFB-94E6-D5C5A37B8B6D}.Debug|iOS.Build.0 = Debug|Any CPU
		{6907DBA2-E525-4BFB-94E6-D5C5A37B8B6D}.Debug|Mixed Platforms.ActiveCfg = Debug|Any CPU
		{6907DBA2-E525-4BFB-94E6-D5C5A37B8B6D}.Debug|Mixed Platforms.Build.0 = Debug|Any CPU
		{6907DBA2-E525-4BFB-94E6-D5C5A37B8B6D}.Debug|Windows-ARM.ActiveCfg = Debug|Any CPU
		{6907DBA2-E525-4BFB-94E6-D5C5A37B8B6D}.Debug|Windows-ARM.Build.0 = Debug|Any CPU
		{6907DBA2-E525-4BFB-94E6-D5C5A37B8B6D}.Debug|Windows-x64.ActiveCfg = Debug|Any CPU
		{6907DBA2-E525-4BFB-94E6-D5C5A37B8B6D}.Debug|Windows-x64.Build.0 = Debug|Any CPU
		{6907DBA2-E525-4BFB-94E6-D5C5A37B8B6D}.Debug|Windows-x86.ActiveCfg = Debug|Any CPU
		{6907DBA2-E525-4BFB-94E6-D5C5A37B8B6D}.Debug|Windows-x86.Build.0 = Debug|Any CPU
		{6907DBA2-E525-4BFB-94E6-D5C5A37B8B6D}.Debug|x86.ActiveCfg = Debug|Any CPU
		{6907DBA2-E525-4BFB-94E6-D5C5A37B8B6D}.Debug|x86.Build.0 = Debug|Any CPU
		{6907DBA2-E525-4BFB-94E6-D5C5A37B8B6D}.Release|Android.ActiveCfg = Release|Any CPU
		{6907DBA2-E525-4BFB-94E6-D5C5A37B8B6D}.Release|Android.Build.0 = Release|Any CPU
		{6907DBA2-E525-4BFB-94E6-D5C5A37B8B6D}.Release|Any CPU.ActiveCfg = Release|Any CPU
		{6907DBA2-E525-4BFB-94E6-D5C5A37B8B6D}.Release|Any CPU.Build.0 = Release|Any CPU
		{6907DBA2-E525-4BFB-94E6-D5C5A37B8B6D}.Release|iOS.ActiveCfg = Release|Any CPU
		{6907DBA2-E525-4BFB-94E6-D5C5A37B8B6D}.Release|iOS.Build.0 = Release|Any CPU
		{6907DBA2-E525-4BFB-94E6-D5C5A37B8B6D}.Release|Mixed Platforms.ActiveCfg = Release|Any CPU
		{6907DBA2-E525-4BFB-94E6-D5C5A37B8B6D}.Release|Mixed Platforms.Build.0 = Release|Any CPU
		{6907DBA2-E525-4BFB-94E6-D5C5A37B8B6D}.Release|Windows-ARM.ActiveCfg = Release|Any CPU
		{6907DBA2-E525-4BFB-94E6-D5C5A37B8B6D}.Release|Windows-ARM.Build.0 = Release|Any CPU
		{6907DBA2-E525-4BFB-94E6-D5C5A37B8B6D}.Release|Windows-x64.ActiveCfg = Release|Any CPU
		{6907DBA2-E525-4BFB-94E6-D5C5A37B8B6D}.Release|Windows-x64.Build.0 = Release|Any CPU
		{6907DBA2-E525-4BFB-94E6-D5C5A37B8B6D}.Release|Windows-x86.ActiveCfg = Release|Any CPU
		{6907DBA2-E525-4BFB-94E6-D5C5A37B8B6D}.Release|Windows-x86.Build.0 = Release|Any CPU
		{6907DBA2-E525-4BFB-94E6-D5C5A37B8B6D}.Release|x86.ActiveCfg = Release|Any CPU
		{6907DBA2-E525-4BFB-94E6-D5C5A37B8B6D}.Release|x86.Build.0 = Release|Any CPU
	EndGlobalSection
	GlobalSection(SolutionProperties) = preSolution
		HideSolutionNode = FALSE
	EndGlobalSection
	GlobalSection(NestedProjects) = preSolution
		{AF01AE72-928C-4A84-84F1-BB13E566B7D4} = {9A21043E-D4B1-456E-A9ED-13CA44A2A7A1}
		{BDBB6B59-DB36-4924-A6FE-325B994E3753} = {AF01AE72-928C-4A84-84F1-BB13E566B7D4}
		{38FA7E14-ADBB-4FEC-8D1C-CE6562E81C20} = {AF01AE72-928C-4A84-84F1-BB13E566B7D4}
		{3ABBC5BA-3F4D-4800-A919-0C3F99376304} = {9A21043E-D4B1-456E-A9ED-13CA44A2A7A1}
		{B9DDAE68-51F0-4092-8243-682FC48F165C} = {3ABBC5BA-3F4D-4800-A919-0C3F99376304}
		{96041527-2656-42DE-BD51-F3AC968EAC35} = {B9DDAE68-51F0-4092-8243-682FC48F165C}
		{3C935BAE-7500-4FB4-8728-580606DC75CC} = {9A21043E-D4B1-456E-A9ED-13CA44A2A7A1}
	EndGlobalSection
	GlobalSection(ExtensibilityGlobals) = postSolution
		SolutionGuid = {D1EC3D9F-106C-4FB4-8B99-1CC442DC8384}
	EndGlobalSection
EndGlobal
